
Microsoft Visual Studio Solution File, Format Version 12.00
# Visual Studio Version 17
VisualStudioVersion = 17.13.35931.197
MinimumVisualStudioVersion = 10.0.40219.1
Project("{FAE04EC0-301F-11D3-BF4B-00C04F79EFBC}") = "DealManagement.Server", "DealManagement.Server\DealManagement.Server.csproj", "{71BC95AA-1210-4588-B986-5D9D54D008CD}"
EndProject
Global
	GlobalSection(SolutionConfigurationPlatforms) = preSolution
		Debug|Any CPU = Debug|Any CPU
		Release|Any CPU = Release|Any CPU
	EndGlobalSection
	GlobalSection(ProjectConfigurationPlatforms) = postSolution
		{71BC95AA-1210-4588-B986-5D9D54D008CD}.Debug|Any CPU.ActiveCfg = Debug|Any CPU
		{71BC95AA-1210-4588-B986-5D9D54D008CD}.Debug|Any CPU.Build.0 = Debug|Any CPU
		{71BC95AA-1210-4588-B986-5D9D54D008CD}.Release|Any CPU.ActiveCfg = Release|Any CPU
		{71BC95AA-1210-4588-B986-5D9D54D008CD}.Release|Any CPU.Build.0 = Release|Any CPU
	EndGlobalSection
	GlobalSection(SolutionProperties) = preSolution
		HideSolutionNode = FALSE
	EndGlobalSection
	GlobalSection(ExtensibilityGlobals) = postSolution
		SolutionGuid = {9ABC8CBE-3E4C-422F-9BE2-D00C9F770C78}
	EndGlobalSection
EndGlobal
